
Microsoft Visual Studio Solution File, Format Version 12.00
# Visual Studio Version 16
VisualStudioVersion = 16.0.29306.81
MinimumVisualStudioVersion = 10.0.40219.1
Project("{9A19103F-16F7-4668-BE54-9A1E7A4F7556}") = "BudTest.ConsoleApp", "BudTest.Console\BudTest.ConsoleApp.csproj", "{FC5F0801-BA3E-43E9-888F-BF96BF4280D6}"
EndProject
Project("{9A19103F-16F7-4668-BE54-9A1E7A4F7556}") = "BudTest.Data", "BudTest.Data\BudTest.Data.csproj", "{45000F85-EC2B-4187-A322-E0209264C80C}"
EndProject
Project("{9A19103F-16F7-4668-BE54-9A1E7A4F7556}") = "BudTest.IData", "BudTest.IData\BudTest.IData.csproj", "{FF1EF23B-AAB2-4596-91B7-24BCD1D24725}"
EndProject
Project("{9A19103F-16F7-4668-BE54-9A1E7A4F7556}") = "BudTest.Model", "BudTest.Model\BudTest.Model.csproj", "{0A59008A-6BA6-4D90-AF83-47DBF99A830A}"
EndProject
Project("{9A19103F-16F7-4668-BE54-9A1E7A4F7556}") = "BudTest.IModel", "BudTest.IModel\BudTest.IModel.csproj", "{D1B7BA23-36CE-4E46-AA80-2C60DB5A5885}"
EndProject
Project("{9A19103F-16F7-4668-BE54-9A1E7A4F7556}") = "BudTest.DataTest", "BudTest.DataTest\BudTest.DataTest.csproj", "{417EF024-4457-4FFE-BC2F-7F6B317E231E}"
EndProject
Global
	GlobalSection(SolutionConfigurationPlatforms) = preSolution
		Debug|Any CPU = Debug|Any CPU
		Release|Any CPU = Release|Any CPU
	EndGlobalSection
	GlobalSection(ProjectConfigurationPlatforms) = postSolution
		{FC5F0801-BA3E-43E9-888F-BF96BF4280D6}.Debug|Any CPU.ActiveCfg = Debug|Any CPU
		{FC5F0801-BA3E-43E9-888F-BF96BF4280D6}.Debug|Any CPU.Build.0 = Debug|Any CPU
		{FC5F0801-BA3E-43E9-888F-BF96BF4280D6}.Release|Any CPU.ActiveCfg = Release|Any CPU
		{FC5F0801-BA3E-43E9-888F-BF96BF4280D6}.Release|Any CPU.Build.0 = Release|Any CPU
		{45000F85-EC2B-4187-A322-E0209264C80C}.Debug|Any CPU.ActiveCfg = Debug|Any CPU
		{45000F85-EC2B-4187-A322-E0209264C80C}.Debug|Any CPU.Build.0 = Debug|Any CPU
		{45000F85-EC2B-4187-A322-E0209264C80C}.Release|Any CPU.ActiveCfg = Release|Any CPU
		{45000F85-EC2B-4187-A322-E0209264C80C}.Release|Any CPU.Build.0 = Release|Any CPU
		{FF1EF23B-AAB2-4596-91B7-24BCD1D24725}.Debug|Any CPU.ActiveCfg = Debug|Any CPU
		{FF1EF23B-AAB2-4596-91B7-24BCD1D24725}.Debug|Any CPU.Build.0 = Debug|Any CPU
		{FF1EF23B-AAB2-4596-91B7-24BCD1D24725}.Release|Any CPU.ActiveCfg = Release|Any CPU
		{FF1EF23B-AAB2-4596-91B7-24BCD1D24725}.Release|Any CPU.Build.0 = Release|Any CPU
		{0A59008A-6BA6-4D90-AF83-47DBF99A830A}.Debug|Any CPU.ActiveCfg = Debug|Any CPU
		{0A59008A-6BA6-4D90-AF83-47DBF99A830A}.Debug|Any CPU.Build.0 = Debug|Any CPU
		{0A59008A-6BA6-4D90-AF83-47DBF99A830A}.Release|Any CPU.ActiveCfg = Release|Any CPU
		{0A59008A-6BA6-4D90-AF83-47DBF99A830A}.Release|Any CPU.Build.0 = Release|Any CPU
		{D1B7BA23-36CE-4E46-AA80-2C60DB5A5885}.Debug|Any CPU.ActiveCfg = Debug|Any CPU
		{D1B7BA23-36CE-4E46-AA80-2C60DB5A5885}.Debug|Any CPU.Build.0 = Debug|Any CPU
		{D1B7BA23-36CE-4E46-AA80-2C60DB5A5885}.Release|Any CPU.ActiveCfg = Release|Any CPU
		{D1B7BA23-36CE-4E46-AA80-2C60DB5A5885}.Release|Any CPU.Build.0 = Release|Any CPU
		{417EF024-4457-4FFE-BC2F-7F6B317E231E}.Debug|Any CPU.ActiveCfg = Debug|Any CPU
		{417EF024-4457-4FFE-BC2F-7F6B317E231E}.Debug|Any CPU.Build.0 = Debug|Any CPU
		{417EF024-4457-4FFE-BC2F-7F6B317E231E}.Release|Any CPU.ActiveCfg = Release|Any CPU
		{417EF024-4457-4FFE-BC2F-7F6B317E231E}.Release|Any CPU.Build.0 = Release|Any CPU
	EndGlobalSection
	GlobalSection(SolutionProperties) = preSolution
		HideSolutionNode = FALSE
	EndGlobalSection
	GlobalSection(ExtensibilityGlobals) = postSolution
		SolutionGuid = {C1650DAF-3EAB-4CC0-98B2-1DF032A26E35}
	EndGlobalSection
EndGlobal
